github.com/davecgh/go-spew v1.1.0/go.mod h1:J7Y8YcW2NihsgmVo/mv3lAwl/skON4iLHjSsI+c5H38=
github.com/davecgh/go-spew v1.1.1 h1:vj9j/u1bqnvCEfJOwUhtlOARqs3+rkHYY13jYWTU97c=
github.com/davecgh/go-spew v1.1.1/go.mod h1:J7Y8YcW2NihsgmVo/mv3lAwl/skON4iLHjSsI+c5H38=
github.com/dvyukov/go-fuzz v0.0.0-20200318091601-be3528f3a813/go.mod h1:11Gm+ccJnvAhCNLlf5+cS9KjtbaD5I5zaZpFMsTHWTw=
github.com/go-sql-driver/mysql v1.6.0 h1:BCTh4TKNUYmOmMUcQ3IipzF5prigylS7XXjEkfCHuOE=
github.com/go-sql-driver/mysql v1.6.0/go.mod h1:DCzpHaOWr8IXmIStZouvnhqoel9Qv2LBy8hT2VhHyBg=
github.com/jmoiron/sqlx v1.3.5 h1:vFFPA71p1o5gAeqtEAwLU4dnX2napprKtHr7PYIcN3g=
github.com/jmoiron/sqlx v1.3.5/go.mod h1:nRVWtLre0KfCLJvgxzCsLVMogSvQ1zNJtpYr2Ccp0mQ=
github.com/kovacou/go-convert v0.0.7 h1:6igsJOiUfEHjlX7WDPn9B4DyMDY8H46Fi1og141Np5s=
github.com/kovacou/go-convert v0.0.7/go.mod h1:8C4F7rvZVYcxyFLFXPpaP4efTj4gaAhRB0Ex0AxLmV0=
github.com/kovacou/go-env v0.0.2 h1:dA07s3P+gDmctEAbmmyf0kkdrMexkUdpZSarlnghGVM=
github.com/kovacou/go-env v0.0.2/go.mod h1:Qe189ZtsciDPKrEH5Vr0n6GeSzWahL2ERdqTF7ox4Cc=
github.com/kovacou/go-types v0.0.4 h1:tL5lsGvMzNVlP7KsvbCGFNuf3jDEYHPw3MvNWBkWFPM=
github.com/kovacou/go-types v0.0.4/go.mod h1:7whSYnBf7DW6hapGuxBfnVemygSDhpqLCE0ONI6b5rA=
github.com/lib/pq v1.2.0 h1:LXpIM/LZ5xGFhOpXAQUIMM1HdyqzVYM13zNdjCEEcA0=
github.com/lib/pq v1.2.0/go.mod h1:5WUZQaWbwv1U+lTReE5YruASi9Al49XbQIvNi/34Woo=
github.com/mattn/go-sqlite3 v1.14.6 h1:dNPt6NO46WmLVt2DLNpwczCmdV5boIZ6g/tlDrlRUbg=
github.com/mattn/go-sqlite3 v1.14.6/go.mod h1:NyWgC/yNuGj7Q9rpYnZvas74GogHl5/Z4A/KQRfk6bU=
github.com/mozillazg/go-slugify v0.2.0 h1:SIhqDlnJWZH8OdiTmQgeXR28AOnypmAXPeOTcG7b9lk=
github.com/mozillazg/go-slugify v0.2.0/go.mod h1:z7dPH74PZf2ZPFkyxx+zjPD8CNzRJNa1CGacv0gg8Ns=
github.com/mozillazg/go-unidecode v0.1.1 h1:uiRy1s4TUqLbcROUrnCN/V85Jlli2AmDF6EeAXOeMHE=
github.com/mozillazg/go-unidecode v0.1.1/go.mod h1:fYMdhyjni9ZeEmS6OE/GJHDLsF8TQvIVDwYR/drR26Q=
github.com/pmezard/go-difflib v1.0.0 h1:4DBwDE0NGyQoBHbLQYPwSUPoCMWR5BEzIk/f1lZbAQM=
github.com/pmezard/go-difflib v1.0.0/go.mod h1:iKH77koFhYxTK1pcRnkKkqfTogsbg7gZNVY4sRDYZ/4=
github.com/rs/xid v1.4.0 h1:qd7wPTDkN6KQx2VmMBLrpHkiyQwgFXRnkOLacUiaSNY=
github.com/rs/xid v1.4.0/go.mod h1:trrq9SKmegXys3aeAKXMUTdJsYXVwGY3RLcfgqegfbg=
github.com/stretchr/objx v0.1.0/go.mod h1:HFkY916IF+rwdDfMAkV7OtwuqBVzrE8GR6GFx+wExME=
github.com/stretchr/objx v0.3.0/go.mod h1:qt09Ya8vawLte6SNmTgCsAVtYtaKzEcn8ATUoHMkEqE=
github.com/stretchr/testify v1.3.0/go.mod h1:M5WIy9Dh21IEIfnGCwXGc5bZfKNJtfHm1UVUgZn+9EI=
github.com/stretchr/testify v1.7.0/go.mod h1:6Fq8oRcR53rry900zMqJjRRixrwX3KX962/h/Wwjteg=
github.com/stretchr/testify v1.7.1 h1:5TQK59W5E3v0r2duFAb7P95B6hEeOyEnHRa8MjYSMTY=
github.com/stretchr/testify v1.7.1/go.mod h1:6Fq8oRcR53rry900zMqJjRRixrwX3KX962/h/Wwjteg=
github.com/twpayne/go-polyline v1.1.1 h1:/tSF1BR7rN4HWj4XKqvRUNrCiYVMCvywxTFVofvDV0w=
github.com/twpayne/go-polyline v1.1.1/go.mod h1:ybd9IWWivW/rlXPXuuckeKUyF3yrIim+iqA7kSl4NFY=
gopkg.in/check.v1 v0.0.0-20161208181325-20d25e280405 h1:yhCVgyC4o1eVCa2tZl7eS0r+SDo693bJlVdllGtEeKM=
gopkg.in/check.v1 v0.0.0-20161208181325-20d25e280405/go.mod h1:Co6ibVJAznAaIkqp8huTwlJQCZ016jof/cbN4VW5Yz0=
gopkg.in/yaml.v3 v3.0.0-20200313102051-9f266ea9e77c/go.mod h1:K4uyk7z7BCEPqu6E+C64Yfv1cQ7kz7rIZviUmN+EgEM=
gopkg.in/yaml.v3 v3.0.0-20210107192922-496545a6307b h1:h8qDotaEPuJATrMmW04NCwg7v22aHH28wwpauUhK9Oo=
gopkg.in/yaml.v3 v3.0.0-20210107192922-496545a6307b/go.mod h1:K4uyk7z7BCEPqu6E+C64Yfv1cQ7kz7rIZviUmN+EgEM=
